
Microsoft Visual Studio Solution File, Format Version 12.00
# Visual Studio Version 17
VisualStudioVersion = 17.6.33723.286
MinimumVisualStudioVersion = 10.0.40219.1
Project("{FAE04EC0-301F-11D3-BF4B-00C04F79EFBC}") = "LinkedList(Q8)", "LinkedList(Q8)\LinkedList(Q8).csproj", "{941FA784-6FA8-4DB2-9FEB-675921CD0230}"
EndProject
Global
	GlobalSection(SolutionConfigurationPlatforms) = preSolution
		Debug|Any CPU = Debug|Any CPU
		Release|Any CPU = Release|Any CPU
	EndGlobalSection
	GlobalSection(ProjectConfigurationPlatforms) = postSolution
		{941FA784-6FA8-4DB2-9FEB-675921CD0230}.Debug|Any CPU.ActiveCfg = Debug|Any CPU
		{941FA784-6FA8-4DB2-9FEB-675921CD0230}.Debug|Any CPU.Build.0 = Debug|Any CPU
		{941FA784-6FA8-4DB2-9FEB-675921CD0230}.Release|Any CPU.ActiveCfg = Release|Any CPU
		{941FA784-6FA8-4DB2-9FEB-675921CD0230}.Release|Any CPU.Build.0 = Release|Any CPU
	EndGlobalSection
	GlobalSection(SolutionProperties) = preSolution
		HideSolutionNode = FALSE
	EndGlobalSection
	GlobalSection(ExtensibilityGlobals) = postSolution
		SolutionGuid = {DEDB6273-B9EC-45C8-BF75-2DDB79B1DDED}
	EndGlobalSection
EndGlobal
