
Microsoft Visual Studio Solution File, Format Version 12.00
# Visual Studio Version 17
VisualStudioVersion = 17.6.33723.286
MinimumVisualStudioVersion = 10.0.40219.1
Project("{FAE04EC0-301F-11D3-BF4B-00C04F79EFBC}") = "LinkedList(Q5)", "LinkedList(Q5)\LinkedList(Q5).csproj", "{0096EA20-3207-43FA-BF25-71372BA691FF}"
EndProject
Global
	GlobalSection(SolutionConfigurationPlatforms) = preSolution
		Debug|Any CPU = Debug|Any CPU
		Release|Any CPU = Release|Any CPU
	EndGlobalSection
	GlobalSection(ProjectConfigurationPlatforms) = postSolution
		{0096EA20-3207-43FA-BF25-71372BA691FF}.Debug|Any CPU.ActiveCfg = Debug|Any CPU
		{0096EA20-3207-43FA-BF25-71372BA691FF}.Debug|Any CPU.Build.0 = Debug|Any CPU
		{0096EA20-3207-43FA-BF25-71372BA691FF}.Release|Any CPU.ActiveCfg = Release|Any CPU
		{0096EA20-3207-43FA-BF25-71372BA691FF}.Release|Any CPU.Build.0 = Release|Any CPU
	EndGlobalSection
	GlobalSection(SolutionProperties) = preSolution
		HideSolutionNode = FALSE
	EndGlobalSection
	GlobalSection(ExtensibilityGlobals) = postSolution
		SolutionGuid = {0133F8EC-F535-40CD-BEFE-C38FD9B19062}
	EndGlobalSection
EndGlobal
